// !$*UTF8*$!
{
	archiveVersion = 1;
	classes = {
	};
	objectVersion = 50;
	objects = {

/* Begin PBXBuildFile section */
		CE72F16223A427D2000F7E5A /* NetworkManager.swift in Sources */ = {isa = PBXBuildFile; fileRef = CE72F16123A427D2000F7E5A /* NetworkManager.swift */; };
		CE72F16423A4281F000F7E5A /* ImageModel.swift in Sources */ = {isa = PBXBuildFile; fileRef = CE72F16323A4281F000F7E5A /* ImageModel.swift */; };
		CE72F16623A42851000F7E5A /* ImageData.swift in Sources */ = {isa = PBXBuildFile; fileRef = CE72F16523A42851000F7E5A /* ImageData.swift */; };
		CE72F16F23A446A6000F7E5A /* UIImageView.swift in Sources */ = {isa = PBXBuildFile; fileRef = CE72F16E23A446A6000F7E5A /* UIImageView.swift */; };
		CEE9543423A2D3FF00DBD9CC /* AppDelegate.swift in Sources */ = {isa = PBXBuildFile; fileRef = CEE9543323A2D3FF00DBD9CC /* AppDelegate.swift */; };
		CEE9543623A2D3FF00DBD9CC /* SceneDelegate.swift in Sources */ = {isa = PBXBuildFile; fileRef = CEE9543523A2D3FF00DBD9CC /* SceneDelegate.swift */; };
		CEE9543823A2D3FF00DBD9CC /* MainController.swift in Sources */ = {isa = PBXBuildFile; fileRef = CEE9543723A2D3FF00DBD9CC /* MainController.swift */; };
		CEE9543B23A2D3FF00DBD9CC /* Main.storyboard in Resources */ = {isa = PBXBuildFile; fileRef = CEE9543923A2D3FF00DBD9CC /* Main.storyboard */; };
		CEE9544023A2D40300DBD9CC /* Assets.xcassets in Resources */ = {isa = PBXBuildFile; fileRef = CEE9543F23A2D40300DBD9CC /* Assets.xcassets */; };
		CEE9544323A2D40300DBD9CC /* LaunchScreen.storyboard in Resources */ = {isa = PBXBuildFile; fileRef = CEE9544123A2D40300DBD9CC /* LaunchScreen.storyboard */; };
		CEE9544E23A2D40300DBD9CC /* MetovaChallengeTests.swift in Sources */ = {isa = PBXBuildFile; fileRef = CEE9544D23A2D40300DBD9CC /* MetovaChallengeTests.swift */; };
		CEE9545923A2D40300DBD9CC /* MetovaChallengeUITests.swift in Sources */ = {isa = PBXBuildFile; fileRef = CEE9545823A2D40300DBD9CC /* MetovaChallengeUITests.swift */; };
		CEF12CE223A5699B00E4C655 /* Notification-Name.swift in Sources */ = {isa = PBXBuildFile; fileRef = CEF12CE123A5699B00E4C655 /* Notification-Name.swift */; };
		CEF12CE423A57A9900E4C655 /* ImageListTableViewCell.swift in Sources */ = {isa = PBXBuildFile; fileRef = CEF12CE323A57A9900E4C655 /* ImageListTableViewCell.swift */; };
		CEF12CE623A5829300E4C655 /* Constants.swift in Sources */ = {isa = PBXBuildFile; fileRef = CEF12CE523A5829300E4C655 /* Constants.swift */; };
		CEF12CEF23A5C5EB00E4C655 /* ActivityIndicatorProtocol.swift in Sources */ = {isa = PBXBuildFile; fileRef = CEF12CEE23A5C5EB00E4C655 /* ActivityIndicatorProtocol.swift */; };
		CEF12CF123A6A46A00E4C655 /* UIView.swift in Sources */ = {isa = PBXBuildFile; fileRef = CEF12CF023A6A46A00E4C655 /* UIView.swift */; };
		CEF12CF423A6A74E00E4C655 /* ImageDisplayController.swift in Sources */ = {isa = PBXBuildFile; fileRef = CEF12CF323A6A74E00E4C655 /* ImageDisplayController.swift */; };
		CEF12CF623A6D06800E4C655 /* ActivityIndicatorView.swift in Sources */ = {isa = PBXBuildFile; fileRef = CEF12CF523A6D06800E4C655 /* ActivityIndicatorView.swift */; };
/* End PBXBuildFile section */

/* Begin PBXContainerItemProxy section */
		CEE9544A23A2D40300DBD9CC /* PBXContainerItemProxy */ = {
			isa = PBXContainerItemProxy;
			containerPortal = CEE9542823A2D3FF00DBD9CC /* Project object */;
			proxyType = 1;
			remoteGlobalIDString = CEE9542F23A2D3FF00DBD9CC;
			remoteInfo = MetovaChallenge;
		};
		CEE9545523A2D40300DBD9CC /* PBXContainerItemProxy */ = {
			isa = PBXContainerItemProxy;
			containerPortal = CEE9542823A2D3FF00DBD9CC /* Project object */;
			proxyType = 1;
			remoteGlobalIDString = CEE9542F23A2D3FF00DBD9CC;
			remoteInfo = MetovaChallenge;
		};
/* End PBXContainerItemProxy section */

/* Begin PBXFileReference section */
		CE72F16123A427D2000F7E5A /* NetworkManager.swift */ = {isa = PBXFileReference; lastKnownFileType = sourcecode.swift; path = NetworkManager.swift; sourceTree = "<group>"; };
		CE72F16323A4281F000F7E5A /* ImageModel.swift */ = {isa = PBXFileReference; lastKnownFileType = sourcecode.swift; path = ImageModel.swift; sourceTree = "<group>"; };
		CE72F16523A42851000F7E5A /* ImageData.swift */ = {isa = PBXFileReference; lastKnownFileType = sourcecode.swift; path = ImageData.swift; sourceTree = "<group>"; };
		CE72F16E23A446A6000F7E5A /* UIImageView.swift */ = {isa = PBXFileReference; lastKnownFileType = sourcecode.swift; path = UIImageView.swift; sourceTree = "<group>"; };
		CEE9543023A2D3FF00DBD9CC /* MetovaChallenge.app */ = {isa = PBXFileReference; explicitFileType = wrapper.application; includeInIndex = 0; path = MetovaChallenge.app; sourceTree = BUILT_PRODUCTS_DIR; };
		CEE9543323A2D3FF00DBD9CC /* AppDelegate.swift */ = {isa = PBXFileReference; lastKnownFileType = sourcecode.swift; path = AppDelegate.swift; sourceTree = "<group>"; };
		CEE9543523A2D3FF00DBD9CC /* SceneDelegate.swift */ = {isa = PBXFileReference; lastKnownFileType = sourcecode.swift; path = SceneDelegate.swift; sourceTree = "<group>"; };
		CEE9543723A2D3FF00DBD9CC /* MainController.swift */ = {isa = PBXFileReference; lastKnownFileType = sourcecode.swift; path = MainController.swift; sourceTree = "<group>"; };
		CEE9543A23A2D3FF00DBD9CC /* Base */ = {isa = PBXFileReference; lastKnownFileType = file.storyboard; name = Base; path = Base.lproj/Main.storyboard; sourceTree = "<group>"; };
		CEE9543F23A2D40300DBD9CC /* Assets.xcassets */ = {isa = PBXFileReference; lastKnownFileType = folder.assetcatalog; path = Assets.xcassets; sourceTree = "<group>"; };
		CEE9544223A2D40300DBD9CC /* Base */ = {isa = PBXFileReference; lastKnownFileType = file.storyboard; name = Base; path = Base.lproj/LaunchScreen.storyboard; sourceTree = "<group>"; };
		CEE9544423A2D40300DBD9CC /* Info.plist */ = {isa = PBXFileReference; lastKnownFileType = text.plist.xml; path = Info.plist; sourceTree = "<group>"; };
		CEE9544923A2D40300DBD9CC /* MetovaChallengeTests.xctest */ = {isa = PBXFileReference; explicitFileType = wrapper.cfbundle; includeInIndex = 0; path = MetovaChallengeTests.xctest; sourceTree = BUILT_PRODUCTS_DIR; };
		CEE9544D23A2D40300DBD9CC /* MetovaChallengeTests.swift */ = {isa = PBXFileReference; lastKnownFileType = sourcecode.swift; path = MetovaChallengeTests.swift; sourceTree = "<group>"; };
		CEE9544F23A2D40300DBD9CC /* Info.plist */ = {isa = PBXFileReference; lastKnownFileType = text.plist.xml; path = Info.plist; sourceTree = "<group>"; };
		CEE9545423A2D40300DBD9CC /* MetovaChallengeUITests.xctest */ = {isa = PBXFileReference; explicitFileType = wrapper.cfbundle; includeInIndex = 0; path = MetovaChallengeUITests.xctest; sourceTree = BUILT_PRODUCTS_DIR; };
		CEE9545823A2D40300DBD9CC /* MetovaChallengeUITests.swift */ = {isa = PBXFileReference; lastKnownFileType = sourcecode.swift; path = MetovaChallengeUITests.swift; sourceTree = "<group>"; };
		CEE9545A23A2D40300DBD9CC /* Info.plist */ = {isa = PBXFileReference; lastKnownFileType = text.plist.xml; path = Info.plist; sourceTree = "<group>"; };
		CEF12CE123A5699B00E4C655 /* Notification-Name.swift */ = {isa = PBXFileReference; lastKnownFileType = sourcecode.swift; path = "Notification-Name.swift"; sourceTree = "<group>"; };
		CEF12CE323A57A9900E4C655 /* ImageListTableViewCell.swift */ = {isa = PBXFileReference; lastKnownFileType = sourcecode.swift; path = ImageListTableViewCell.swift; sourceTree = "<group>"; };
		CEF12CE523A5829300E4C655 /* Constants.swift */ = {isa = PBXFileReference; lastKnownFileType = sourcecode.swift; path = Constants.swift; sourceTree = "<group>"; };
		CEF12CEE23A5C5EB00E4C655 /* ActivityIndicatorProtocol.swift */ = {isa = PBXFileReference; lastKnownFileType = sourcecode.swift; path = ActivityIndicatorProtocol.swift; sourceTree = "<group>"; };
		CEF12CF023A6A46A00E4C655 /* UIView.swift */ = {isa = PBXFileReference; lastKnownFileType = sourcecode.swift; path = UIView.swift; sourceTree = "<group>"; };
		CEF12CF323A6A74E00E4C655 /* ImageDisplayController.swift */ = {isa = PBXFileReference; lastKnownFileType = sourcecode.swift; path = ImageDisplayController.swift; sourceTree = "<group>"; };
		CEF12CF523A6D06800E4C655 /* ActivityIndicatorView.swift */ = {isa = PBXFileReference; lastKnownFileType = sourcecode.swift; path = ActivityIndicatorView.swift; sourceTree = "<group>"; };
/* End PBXFileReference section */

/* Begin PBXFrameworksBuildPhase section */
		CEE9542D23A2D3FF00DBD9CC /* Frameworks */ = {
			isa = PBXFrameworksBuildPhase;
			buildActionMask = 2147483647;
			files = (
			);
			runOnlyForDeploymentPostprocessing = 0;
		};
		CEE9544623A2D40300DBD9CC /* Frameworks */ = {
			isa = PBXFrameworksBuildPhase;
			buildActionMask = 2147483647;
			files = (
			);
			runOnlyForDeploymentPostprocessing = 0;
		};
		CEE9545123A2D40300DBD9CC /* Frameworks */ = {
			isa = PBXFrameworksBuildPhase;
			buildActionMask = 2147483647;
			files = (
			);
			runOnlyForDeploymentPostprocessing = 0;
		};
/* End PBXFrameworksBuildPhase section */

/* Begin PBXGroup section */
		CE72F16723A445FE000F7E5A /* Extensions */ = {
			isa = PBXGroup;
			children = (
				CE72F16E23A446A6000F7E5A /* UIImageView.swift */,
				CEF12CE123A5699B00E4C655 /* Notification-Name.swift */,
				CEF12CF023A6A46A00E4C655 /* UIView.swift */,
			);
			name = Extensions;
			sourceTree = "<group>";
		};
		CEE9542723A2D3FF00DBD9CC = {
			isa = PBXGroup;
			children = (
				CEE9543223A2D3FF00DBD9CC /* MetovaChallenge */,
				CEE9544C23A2D40300DBD9CC /* MetovaChallengeTests */,
				CEE9545723A2D40300DBD9CC /* MetovaChallengeUITests */,
				CEE9543123A2D3FF00DBD9CC /* Products */,
			);
			sourceTree = "<group>";
		};
		CEE9543123A2D3FF00DBD9CC /* Products */ = {
			isa = PBXGroup;
			children = (
				CEE9543023A2D3FF00DBD9CC /* MetovaChallenge.app */,
				CEE9544923A2D40300DBD9CC /* MetovaChallengeTests.xctest */,
				CEE9545423A2D40300DBD9CC /* MetovaChallengeUITests.xctest */,
			);
			name = Products;
			sourceTree = "<group>";
		};
		CEE9543223A2D3FF00DBD9CC /* MetovaChallenge */ = {
			isa = PBXGroup;
			children = (
				CEE9543323A2D3FF00DBD9CC /* AppDelegate.swift */,
				CEE9543523A2D3FF00DBD9CC /* SceneDelegate.swift */,
				CEF12CEB23A5C58700E4C655 /* Protocols */,
				CEF12CDE23A552AF00E4C655 /* Managers */,
				CE72F16723A445FE000F7E5A /* Extensions */,
				CEE9546923A2D5C900DBD9CC /* Views */,
				CEE9546723A2D48A00DBD9CC /* Controllers */,
				CEE9546623A2D47300DBD9CC /* Models */,
				CEE9546823A2D4E600DBD9CC /* Additional Files */,
			);
			path = MetovaChallenge;
			sourceTree = "<group>";
		};
		CEE9544C23A2D40300DBD9CC /* MetovaChallengeTests */ = {
			isa = PBXGroup;
			children = (
				CEE9544D23A2D40300DBD9CC /* MetovaChallengeTests.swift */,
				CEE9544F23A2D40300DBD9CC /* Info.plist */,
			);
			path = MetovaChallengeTests;
			sourceTree = "<group>";
		};
		CEE9545723A2D40300DBD9CC /* MetovaChallengeUITests */ = {
			isa = PBXGroup;
			children = (
				CEE9545823A2D40300DBD9CC /* MetovaChallengeUITests.swift */,
				CEE9545A23A2D40300DBD9CC /* Info.plist */,
			);
			path = MetovaChallengeUITests;
			sourceTree = "<group>";
		};
		CEE9546623A2D47300DBD9CC /* Models */ = {
			isa = PBXGroup;
			children = (
				CE72F16323A4281F000F7E5A /* ImageModel.swift */,
				CE72F16523A42851000F7E5A /* ImageData.swift */,
			);
			name = Models;
			sourceTree = "<group>";
		};
		CEE9546723A2D48A00DBD9CC /* Controllers */ = {
			isa = PBXGroup;
			children = (
				CEE9543723A2D3FF00DBD9CC /* MainController.swift */,
				CEF12CF323A6A74E00E4C655 /* ImageDisplayController.swift */,
			);
			path = Controllers;
			sourceTree = "<group>";
		};
		CEE9546823A2D4E600DBD9CC /* Additional Files */ = {
			isa = PBXGroup;
			children = (
				CEE9543F23A2D40300DBD9CC /* Assets.xcassets */,
				CEE9544123A2D40300DBD9CC /* LaunchScreen.storyboard */,
				CEE9544423A2D40300DBD9CC /* Info.plist */,
				CEF12CE523A5829300E4C655 /* Constants.swift */,
			);
			name = "Additional Files";
			sourceTree = "<group>";
		};
		CEE9546923A2D5C900DBD9CC /* Views */ = {
			isa = PBXGroup;
			children = (
				CEE9543923A2D3FF00DBD9CC /* Main.storyboard */,
				CEF12CE323A57A9900E4C655 /* ImageListTableViewCell.swift */,
				CEF12CF523A6D06800E4C655 /* ActivityIndicatorView.swift */,
			);
			name = Views;
			sourceTree = "<group>";
		};
		CEF12CDE23A552AF00E4C655 /* Managers */ = {
			isa = PBXGroup;
			children = (
				CE72F16123A427D2000F7E5A /* NetworkManager.swift */,
			);
			name = Managers;
			sourceTree = "<group>";
		};
		CEF12CEB23A5C58700E4C655 /* Protocols */ = {
			isa = PBXGroup;
			children = (
				CEF12CEE23A5C5EB00E4C655 /* ActivityIndicatorProtocol.swift */,
			);
			name = Protocols;
			sourceTree = "<group>";
		};
/* End PBXGroup section */

/* Begin PBXNativeTarget section */
		CEE9542F23A2D3FF00DBD9CC /* MetovaChallenge */ = {
			isa = PBXNativeTarget;
			buildConfigurationList = CEE9545D23A2D40300DBD9CC /* Build configuration list for PBXNativeTarget "MetovaChallenge" */;
			buildPhases = (
				CEE9542C23A2D3FF00DBD9CC /* Sources */,
				CEE9542D23A2D3FF00DBD9CC /* Frameworks */,
				CEE9542E23A2D3FF00DBD9CC /* Resources */,
			);
			buildRules = (
			);
			dependencies = (
			);
			name = MetovaChallenge;
			productName = MetovaChallenge;
			productReference = CEE9543023A2D3FF00DBD9CC /* MetovaChallenge.app */;
			productType = "com.apple.product-type.application";
		};
		CEE9544823A2D40300DBD9CC /* MetovaChallengeTests */ = {
			isa = PBXNativeTarget;
			buildConfigurationList = CEE9546023A2D40300DBD9CC /* Build configuration list for PBXNativeTarget "MetovaChallengeTests" */;
			buildPhases = (
				CEE9544523A2D40300DBD9CC /* Sources */,
				CEE9544623A2D40300DBD9CC /* Frameworks */,
				CEE9544723A2D40300DBD9CC /* Resources */,
			);
			buildRules = (
			);
			dependencies = (
				CEE9544B23A2D40300DBD9CC /* PBXTargetDependency */,
			);
			name = MetovaChallengeTests;
			productName = MetovaChallengeTests;
			productReference = CEE9544923A2D40300DBD9CC /* MetovaChallengeTests.xctest */;
			productType = "com.apple.product-type.bundle.unit-test";
		};
		CEE9545323A2D40300DBD9CC /* MetovaChallengeUITests */ = {
			isa = PBXNativeTarget;
			buildConfigurationList = CEE9546323A2D40300DBD9CC /* Build configuration list for PBXNativeTarget "MetovaChallengeUITests" */;
			buildPhases = (
				CEE9545023A2D40300DBD9CC /* Sources */,
				CEE9545123A2D40300DBD9CC /* Frameworks */,
				CEE9545223A2D40300DBD9CC /* Resources */,
			);
			buildRules = (
			);
			dependencies = (
				CEE9545623A2D40300DBD9CC /* PBXTargetDependency */,
			);
			name = MetovaChallengeUITests;
			productName = MetovaChallengeUITests;
			productReference = CEE9545423A2D40300DBD9CC /* MetovaChallengeUITests.xctest */;
			productType = "com.apple.product-type.bundle.ui-testing";
		};
/* End PBXNativeTarget section */

/* Begin PBXProject section */
		CEE9542823A2D3FF00DBD9CC /* Project object */ = {
			isa = PBXProject;
			attributes = {
				LastSwiftUpdateCheck = 1120;
				LastUpgradeCheck = 1120;
				ORGANIZATIONNAME = "Paus Productions";
				TargetAttributes = {
					CEE9542F23A2D3FF00DBD9CC = {
						CreatedOnToolsVersion = 11.2.1;
					};
					CEE9544823A2D40300DBD9CC = {
						CreatedOnToolsVersion = 11.2.1;
						TestTargetID = CEE9542F23A2D3FF00DBD9CC;
					};
					CEE9545323A2D40300DBD9CC = {
						CreatedOnToolsVersion = 11.2.1;
						TestTargetID = CEE9542F23A2D3FF00DBD9CC;
					};
				};
			};
			buildConfigurationList = CEE9542B23A2D3FF00DBD9CC /* Build configuration list for PBXProject "MetovaChallenge" */;
			compatibilityVersion = "Xcode 9.3";
			developmentRegion = en;
			hasScannedForEncodings = 0;
			knownRegions = (
				en,
				Base,
			);
			mainGroup = CEE9542723A2D3FF00DBD9CC;
			productRefGroup = CEE9543123A2D3FF00DBD9CC /* Products */;
			projectDirPath = "";
			projectRoot = "";
			targets = (
				CEE9542F23A2D3FF00DBD9CC /* MetovaChallenge */,
				CEE9544823A2D40300DBD9CC /* MetovaChallengeTests */,
				CEE9545323A2D40300DBD9CC /* MetovaChallengeUITests */,
			);
		};
/* End PBXProject section */

/* Begin PBXResourcesBuildPhase section */
		CEE9542E23A2D3FF00DBD9CC /* Resources */ = {
			isa = PBXResourcesBuildPhase;
			buildActionMask = 2147483647;
			files = (
				CEE9544323A2D40300DBD9CC /* LaunchScreen.storyboard in Resources */,
				CEE9544023A2D40300DBD9CC /* Assets.xcassets in Resources */,
				CEE9543B23A2D3FF00DBD9CC /* Main.storyboard in Resources */,
			);
			runOnlyForDeploymentPostprocessing = 0;
		};
		CEE9544723A2D40300DBD9CC /* Resources */ = {
			isa = PBXResourcesBuildPhase;
			buildActionMask = 2147483647;
			files = (
			);
			runOnlyForDeploymentPostprocessing = 0;
		};
		CEE9545223A2D40300DBD9CC /* Resources */ = {
			isa = PBXResourcesBuildPhase;
			buildActionMask = 2147483647;
			files = (
			);
			runOnlyForDeploymentPostprocessing = 0;
		};
/* End PBXResourcesBuildPhase section */

/* Begin PBXSourcesBuildPhase section */
		CEE9542C23A2D3FF00DBD9CC /* Sources */ = {
			isa = PBXSourcesBuildPhase;
			buildActionMask = 2147483647;
			files = (
				CE72F16223A427D2000F7E5A /* NetworkManager.swift in Sources */,
				CEF12CE623A5829300E4C655 /* Constants.swift in Sources */,
				CEF12CE423A57A9900E4C655 /* ImageListTableViewCell.swift in Sources */,
				CE72F16423A4281F000F7E5A /* ImageModel.swift in Sources */,
				CEF12CF123A6A46A00E4C655 /* UIView.swift in Sources */,
				CE72F16F23A446A6000F7E5A /* UIImageView.swift in Sources */,
				CEE9543823A2D3FF00DBD9CC /* MainController.swift in Sources */,
				CEF12CF423A6A74E00E4C655 /* ImageDisplayController.swift in Sources */,
				CEF12CE223A5699B00E4C655 /* Notification-Name.swift in Sources */,
				CEE9543423A2D3FF00DBD9CC /* AppDelegate.swift in Sources */,
				CEE9543623A2D3FF00DBD9CC /* SceneDelegate.swift in Sources */,
				CEF12CEF23A5C5EB00E4C655 /* ActivityIndicatorProtocol.swift in Sources */,
				CE72F16623A42851000F7E5A /* ImageData.swift in Sources */,
				CEF12CF623A6D06800E4C655 /* ActivityIndicatorView.swift in Sources */,
			);
			runOnlyForDeploymentPostprocessing = 0;
		};
		CEE9544523A2D40300DBD9CC /* Sources */ = {
			isa = PBXSourcesBuildPhase;
			buildActionMask = 2147483647;
			files = (
				CEE9544E23A2D40300DBD9CC /* MetovaChallengeTests.swift in Sources */,
			);
			runOnlyForDeploymentPostprocessing = 0;
		};
		CEE9545023A2D40300DBD9CC /* Sources */ = {
			isa = PBXSourcesBuildPhase;
			buildActionMask = 2147483647;
			files = (
				CEE9545923A2D40300DBD9CC /* MetovaChallengeUITests.swift in Sources */,
			);
			runOnlyForDeploymentPostprocessing = 0;
		};
/* End PBXSourcesBuildPhase section */

/* Begin PBXTargetDependency section */
		CEE9544B23A2D40300DBD9CC /* PBXTargetDependency */ = {
			isa = PBXTargetDependency;
			target = CEE9542F23A2D3FF00DBD9CC /* MetovaChallenge */;
			targetProxy = CEE9544A23A2D40300DBD9CC /* PBXContainerItemProxy */;
		};
		CEE9545623A2D40300DBD9CC /* PBXTargetDependency */ = {
			isa = PBXTargetDependency;
			target = CEE9542F23A2D3FF00DBD9CC /* MetovaChallenge */;
			targetProxy = CEE9545523A2D40300DBD9CC /* PBXContainerItemProxy */;
		};
/* End PBXTargetDependency section */

/* Begin PBXVariantGroup section */
		CEE9543923A2D3FF00DBD9CC /* Main.storyboard */ = {
			isa = PBXVariantGroup;
			children = (
				CEE9543A23A2D3FF00DBD9CC /* Base */,
			);
			name = Main.storyboard;
			sourceTree = "<group>";
		};
		CEE9544123A2D40300DBD9CC /* LaunchScreen.storyboard */ = {
			isa = PBXVariantGroup;
			children = (
				CEE9544223A2D40300DBD9CC /* Base */,
			);
			name = LaunchScreen.storyboard;
			sourceTree = "<group>";
		};
/* End PBXVariantGroup section */

/* Begin XCBuildConfiguration section */
		CEE9545B23A2D40300DBD9CC /* Debug */ = {
			isa = XCBuildConfiguration;
			buildSettings = {
				ALWAYS_SEARCH_USER_PATHS = NO;
				CLANG_ANALYZER_NONNULL = YES;
				CLANG_ANALYZER_NUMBER_OBJECT_CONVERSION = YES_AGGRESSIVE;
				CLANG_CXX_LANGUAGE_STANDARD = "gnu++14";
				CLANG_CXX_LIBRARY = "libc++";
				CLANG_ENABLE_MODULES = YES;
				CLANG_ENABLE_OBJC_ARC = YES;
				CLANG_ENABLE_OBJC_WEAK = YES;
				CLANG_WARN_BLOCK_CAPTURE_AUTORELEASING = YES;
				CLANG_WARN_BOOL_CONVERSION = YES;
				CLANG_WARN_COMMA = YES;
				CLANG_WARN_CONSTANT_CONVERSION = YES;
				CLANG_WARN_DEPRECATED_OBJC_IMPLEMENTATIONS = YES;
				CLANG_WARN_DIRECT_OBJC_ISA_USAGE = YES_ERROR;
				CLANG_WARN_DOCUMENTATION_COMMENTS = YES;
				CLANG_WARN_EMPTY_BODY = YES;
				CLANG_WARN_ENUM_CONVERSION = YES;
				CLANG_WARN_INFINITE_RECURSION = YES;
				CLANG_WARN_INT_CONVERSION = YES;
				CLANG_WARN_NON_LITERAL_NULL_CONVERSION = YES;
				CLANG_WARN_OBJC_IMPLICIT_RETAIN_SELF = YES;
				CLANG_WARN_OBJC_LITERAL_CONVERSION = YES;
				CLANG_WARN_OBJC_ROOT_CLASS = YES_ERROR;
				CLANG_WARN_RANGE_LOOP_ANALYSIS = YES;
				CLANG_WARN_STRICT_PROTOTYPES = YES;
				CLANG_WARN_SUSPICIOUS_MOVE = YES;
				CLANG_WARN_UNGUARDED_AVAILABILITY = YES_AGGRESSIVE;
				CLANG_WARN_UNREACHABLE_CODE = YES;
				CLANG_WARN__DUPLICATE_METHOD_MATCH = YES;
				COPY_PHASE_STRIP = NO;
				DEBUG_INFORMATION_FORMAT = dwarf;
				ENABLE_STRICT_OBJC_MSGSEND = YES;
				ENABLE_TESTABILITY = YES;
				GCC_C_LANGUAGE_STANDARD = gnu11;
				GCC_DYNAMIC_NO_PIC = NO;
				GCC_NO_COMMON_BLOCKS = YES;
				GCC_OPTIMIZATION_LEVEL = 0;
				GCC_PREPROCESSOR_DEFINITIONS = (
					"DEBUG=1",
					"$(inherited)",
				);
				GCC_WARN_64_TO_32_BIT_CONVERSION = YES;
				GCC_WARN_ABOUT_RETURN_TYPE = YES_ERROR;
				GCC_WARN_UNDECLARED_SELECTOR = YES;
				GCC_WARN_UNINITIALIZED_AUTOS = YES_AGGRESSIVE;
				GCC_WARN_UNUSED_FUNCTION = YES;
				GCC_WARN_UNUSED_VARIABLE = YES;
				IPHONEOS_DEPLOYMENT_TARGET = 13.2;
				MTL_ENABLE_DEBUG_INFO = INCLUDE_SOURCE;
				MTL_FAST_MATH = YES;
				ONLY_ACTIVE_ARCH = YES;
				SDKROOT = iphoneos;
				SWIFT_ACTIVE_COMPILATION_CONDITIONS = DEBUG;
				SWIFT_OPTIMIZATION_LEVEL = "-Onone";
			};
			name = Debug;
		};
		CEE9545C23A2D40300DBD9CC /* Release */ = {
			isa = XCBuildConfiguration;
			buildSettings = {
				ALWAYS_SEARCH_USER_PATHS = NO;
				CLANG_ANALYZER_NONNULL = YES;
				CLANG_ANALYZER_NUMBER_OBJECT_CONVERSION = YES_AGGRESSIVE;
				CLANG_CXX_LANGUAGE_STANDARD = "gnu++14";
				CLANG_CXX_LIBRARY = "libc++";
				CLANG_ENABLE_MODULES = YES;
				CLANG_ENABLE_OBJC_ARC = YES;
				CLANG_ENABLE_OBJC_WEAK = YES;
				CLANG_WARN_BLOCK_CAPTURE_AUTORELEASING = YES;
				CLANG_WARN_BOOL_CONVERSION = YES;
				CLANG_WARN_COMMA = YES;
				CLANG_WARN_CONSTANT_CONVERSION = YES;
				CLANG_WARN_DEPRECATED_OBJC_IMPLEMENTATIONS = YES;
				CLANG_WARN_DIRECT_OBJC_ISA_USAGE = YES_ERROR;
				CLANG_WARN_DOCUMENTATION_COMMENTS = YES;
				CLANG_WARN_EMPTY_BODY = YES;
				CLANG_WARN_ENUM_CONVERSION = YES;
				CLANG_WARN_INFINITE_RECURSION = YES;
				CLANG_WARN_INT_CONVERSION = YES;
				CLANG_WARN_NON_LITERAL_NULL_CONVERSION = YES;
				CLANG_WARN_OBJC_IMPLICIT_RETAIN_SELF = YES;
				CLANG_WARN_OBJC_LITERAL_CONVERSION = YES;
				CLANG_WARN_OBJC_ROOT_CLASS = YES_ERROR;
				CLANG_WARN_RANGE_LOOP_ANALYSIS = YES;
				CLANG_WARN_STRICT_PROTOTYPES = YES;
				CLANG_WARN_SUSPICIOUS_MOVE = YES;
				CLANG_WARN_UNGUARDED_AVAILABILITY = YES_AGGRESSIVE;
				CLANG_WARN_UNREACHABLE_CODE = YES;
				CLANG_WARN__DUPLICATE_METHOD_MATCH = YES;
				COPY_PHASE_STRIP = NO;
				DEBUG_INFORMATION_FORMAT = "dwarf-with-dsym";
				ENABLE_NS_ASSERTIONS = NO;
				ENABLE_STRICT_OBJC_MSGSEND = YES;
				GCC_C_LANGUAGE_STANDARD = gnu11;
				GCC_NO_COMMON_BLOCKS = YES;
				GCC_WARN_64_TO_32_BIT_CONVERSION = YES;
				GCC_WARN_ABOUT_RETURN_TYPE = YES_ERROR;
				GCC_WARN_UNDECLARED_SELECTOR = YES;
				GCC_WARN_UNINITIALIZED_AUTOS = YES_AGGRESSIVE;
				GCC_WARN_UNUSED_FUNCTION = YES;
				GCC_WARN_UNUSED_VARIABLE = YES;
				IPHONEOS_DEPLOYMENT_TARGET = 13.2;
				MTL_ENABLE_DEBUG_INFO = NO;
				MTL_FAST_MATH = YES;
				SDKROOT = iphoneos;
				SWIFT_COMPILATION_MODE = wholemodule;
				SWIFT_OPTIMIZATION_LEVEL = "-O";
				VALIDATE_PRODUCT = YES;
			};
			name = Release;
		};
		CEE9545E23A2D40300DBD9CC /* Debug */ = {
			isa = XCBuildConfiguration;
			buildSettings = {
				ASSETCATALOG_COMPILER_APPICON_NAME = AppIcon;
				CODE_SIGN_STYLE = Automatic;
				DEVELOPMENT_TEAM = SV69BK44Z9;
				INFOPLIST_FILE = MetovaChallenge/Info.plist;
				LD_RUNPATH_SEARCH_PATHS = (
					"$(inherited)",
					"@executable_path/Frameworks",
				);
				PRODUCT_BUNDLE_IDENTIFIER = "Paus-Productions.MetovaChallenge";
				PRODUCT_NAME = "$(TARGET_NAME)";
				SWIFT_VERSION = 5.0;
				TARGETED_DEVICE_FAMILY = "1,2";
			};
			name = Debug;
		};
		CEE9545F23A2D40300DBD9CC /* Release */ = {
			isa = XCBuildConfiguration;
			buildSettings = {
				ASSETCATALOG_COMPILER_APPICON_NAME = AppIcon;
				CODE_SIGN_STYLE = Automatic;
				DEVELOPMENT_TEAM = SV69BK44Z9;
				INFOPLIST_FILE = MetovaChallenge/Info.plist;
				LD_RUNPATH_SEARCH_PATHS = (
					"$(inherited)",
					"@executable_path/Frameworks",
				);
				PRODUCT_BUNDLE_IDENTIFIER = "Paus-Productions.MetovaChallenge";
				PRODUCT_NAME = "$(TARGET_NAME)";
				SWIFT_VERSION = 5.0;
				TARGETED_DEVICE_FAMILY = "1,2";
			};
			name = Release;
		};
		CEE9546123A2D40300DBD9CC /* Debug */ = {
			isa = XCBuildConfiguration;
			buildSettings = {
				ALWAYS_EMBED_SWIFT_STANDARD_LIBRARIES = YES;
				BUNDLE_LOADER = "$(TEST_HOST)";
				CODE_SIGN_STYLE = Automatic;
				DEVELOPMENT_TEAM = SV69BK44Z9;
				INFOPLIST_FILE = MetovaChallengeTests/Info.plist;
				IPHONEOS_DEPLOYMENT_TARGET = 13.2;
				LD_RUNPATH_SEARCH_PATHS = (
					"$(inherited)",
					"@executable_path/Frameworks",
					"@loader_path/Frameworks",
				);
				PRODUCT_BUNDLE_IDENTIFIER = "Paus-Productions.MetovaChallengeTests";
				PRODUCT_NAME = "$(TARGET_NAME)";
				SWIFT_VERSION = 5.0;
				TARGETED_DEVICE_FAMILY = "1,2";
				TEST_HOST = "$(BUILT_PRODUCTS_DIR)/MetovaChallenge.app/MetovaChallenge";
			};
			name = Debug;
		};
		CEE9546223A2D40300DBD9CC /* Release */ = {
			isa = XCBuildConfiguration;
			buildSettings = {
				ALWAYS_EMBED_SWIFT_STANDARD_LIBRARIES = YES;
				BUNDLE_LOADER = "$(TEST_HOST)";
				CODE_SIGN_STYLE = Automatic;
				DEVELOPMENT_TEAM = SV69BK44Z9;
				INFOPLIST_FILE = MetovaChallengeTests/Info.plist;
				IPHONEOS_DEPLOYMENT_TARGET = 13.2;
				LD_RUNPATH_SEARCH_PATHS = (
					"$(inherited)",
					"@executable_path/Frameworks",
					"@loader_path/Frameworks",
				);
				PRODUCT_BUNDLE_IDENTIFIER = "Paus-Productions.MetovaChallengeTests";
				PRODUCT_NAME = "$(TARGET_NAME)";
				SWIFT_VERSION = 5.0;
				TARGETED_DEVICE_FAMILY = "1,2";
				TEST_HOST = "$(BUILT_PRODUCTS_DIR)/MetovaChallenge.app/MetovaChallenge";
			};
			name = Release;
		};
		CEE9546423A2D40300DBD9CC /* Debug */ = {
			isa = XCBuildConfiguration;
			buildSettings = {
				ALWAYS_EMBED_SWIFT_STANDARD_LIBRARIES = YES;
				CODE_SIGN_STYLE = Automatic;
				DEVELOPMENT_TEAM = SV69BK44Z9;
				INFOPLIST_FILE = MetovaChallengeUITests/Info.plist;
				LD_RUNPATH_SEARCH_PATHS = (
					"$(inherited)",
					"@executable_path/Frameworks",
					"@loader_path/Frameworks",
				);
				PRODUCT_BUNDLE_IDENTIFIER = "Paus-Productions.MetovaChallengeUITests";
				PRODUCT_NAME = "$(TARGET_NAME)";
				SWIFT_VERSION = 5.0;
				TARGETED_DEVICE_FAMILY = "1,2";
				TEST_TARGET_NAME = MetovaChallenge;
			};
			name = Debug;
		};
		CEE9546523A2D40300DBD9CC /* Release */ = {
			isa = XCBuildConfiguration;
			buildSettings = {
				ALWAYS_EMBED_SWIFT_STANDARD_LIBRARIES = YES;
				CODE_SIGN_STYLE = Automatic;
				DEVELOPMENT_TEAM = SV69BK44Z9;
				INFOPLIST_FILE = MetovaChallengeUITests/Info.plist;
				LD_RUNPATH_SEARCH_PATHS = (
					"$(inherited)",
					"@executable_path/Frameworks",
					"@loader_path/Frameworks",
				);
				PRODUCT_BUNDLE_IDENTIFIER = "Paus-Productions.MetovaChallengeUITests";
				PRODUCT_NAME = "$(TARGET_NAME)";
				SWIFT_VERSION = 5.0;
				TARGETED_DEVICE_FAMILY = "1,2";
				TEST_TARGET_NAME = MetovaChallenge;
			};
			name = Release;
		};
/* End XCBuildConfiguration section */

/* Begin XCConfigurationList section */
		CEE9542B23A2D3FF00DBD9CC /* Build configuration list for PBXProject "MetovaChallenge" */ = {
			isa = XCConfigurationList;
			buildConfigurations = (
				CEE9545B23A2D40300DBD9CC /* Debug */,
				CEE9545C23A2D40300DBD9CC /* Release */,
			);
			defaultConfigurationIsVisible = 0;
			defaultConfigurationName = Release;
		};
		CEE9545D23A2D40300DBD9CC /* Build configuration list for PBXNativeTarget "MetovaChallenge" */ = {
			isa = XCConfigurationList;
			buildConfigurations = (
				CEE9545E23A2D40300DBD9CC /* Debug */,
				CEE9545F23A2D40300DBD9CC /* Release */,
			);
			defaultConfigurationIsVisible = 0;
			defaultConfigurationName = Release;
		};
		CEE9546023A2D40300DBD9CC /* Build configuration list for PBXNativeTarget "MetovaChallengeTests" */ = {
			isa = XCConfigurationList;
			buildConfigurations = (
				CEE9546123A2D40300DBD9CC /* Debug */,
				CEE9546223A2D40300DBD9CC /* Release */,
			);
			defaultConfigurationIsVisible = 0;
			defaultConfigurationName = Release;
		};
		CEE9546323A2D40300DBD9CC /* Build configuration list for PBXNativeTarget "MetovaChallengeUITests" */ = {
			isa = XCConfigurationList;
			buildConfigurations = (
				CEE9546423A2D40300DBD9CC /* Debug */,
				CEE9546523A2D40300DBD9CC /* Release */,
			);
			defaultConfigurationIsVisible = 0;
			defaultConfigurationName = Release;
		};
/* End XCConfigurationList section */
	};
	rootObject = CEE9542823A2D3FF00DBD9CC /* Project object */;
}
